// !$*UTF8*$!
{
	archiveVersion = 1;
	classes = {
	};
	objectVersion = 55;
	objects = {

/* Begin PBXBuildFile section */
		D2104849280FF24800C9BBE3 /* Montserrat-Black.ttf in Resources */ = {isa = PBXBuildFile; fileRef = D2104817280FF24500C9BBE3 /* Montserrat-Black.ttf */; };
		D210484A280FF24800C9BBE3 /* Montserrat-ExtraBold.ttf in Resources */ = {isa = PBXBuildFile; fileRef = D2104818280FF24500C9BBE3 /* Montserrat-ExtraBold.ttf */; };
		D210484B280FF24800C9BBE3 /* Poppins-ExtraBold.ttf in Resources */ = {isa = PBXBuildFile; fileRef = D2104819280FF24500C9BBE3 /* Poppins-ExtraBold.ttf */; };
		D210484F280FF24800C9BBE3 /* Poppins-Thin.ttf in Resources */ = {isa = PBXBuildFile; fileRef = D210481D280FF24500C9BBE3 /* Poppins-Thin.ttf */; };
		D2104850280FF24800C9BBE3 /* Roboto-Medium.ttf in Resources */ = {isa = PBXBuildFile; fileRef = D210481E280FF24500C9BBE3 /* Roboto-Medium.ttf */; };
		D2104851280FF24800C9BBE3 /* Montserrat-Light.ttf in Resources */ = {isa = PBXBuildFile; fileRef = D210481F280FF24500C9BBE3 /* Montserrat-Light.ttf */; };
		D2104852280FF24800C9BBE3 /* Poppins-Medium.ttf in Resources */ = {isa = PBXBuildFile; fileRef = D2104820280FF24500C9BBE3 /* Poppins-Medium.ttf */; };
		D2104853280FF24800C9BBE3 /* Roboto-Thin.ttf in Resources */ = {isa = PBXBuildFile; fileRef = D2104821280FF24500C9BBE3 /* Roboto-Thin.ttf */; };
		D2104855280FF24800C9BBE3 /* Montserrat-Italic-VariableFont_wght.ttf in Resources */ = {isa = PBXBuildFile; fileRef = D2104823280FF24600C9BBE3 /* Montserrat-Italic-VariableFont_wght.ttf */; };
		D2104858280FF24800C9BBE3 /* Poppins-Bold.ttf in Resources */ = {isa = PBXBuildFile; fileRef = D2104826280FF24600C9BBE3 /* Poppins-Bold.ttf */; };
		D210485A280FF24800C9BBE3 /* Roboto-Bold.ttf in Resources */ = {isa = PBXBuildFile; fileRef = D2104828280FF24600C9BBE3 /* Roboto-Bold.ttf */; };
		D210485C280FF24800C9BBE3 /* Roboto-Black.ttf in Resources */ = {isa = PBXBuildFile; fileRef = D210482A280FF24600C9BBE3 /* Roboto-Black.ttf */; };
		D210485F280FF24800C9BBE3 /* Poppins-Regular.ttf in Resources */ = {isa = PBXBuildFile; fileRef = D210482D280FF24600C9BBE3 /* Poppins-Regular.ttf */; };
		D2104861280FF24800C9BBE3 /* Montserrat-Medium.ttf in Resources */ = {isa = PBXBuildFile; fileRef = D210482F280FF24600C9BBE3 /* Montserrat-Medium.ttf */; };
		D2104862280FF24800C9BBE3 /* Montserrat-Regular.ttf in Resources */ = {isa = PBXBuildFile; fileRef = D2104830280FF24600C9BBE3 /* Montserrat-Regular.ttf */; };
		D2104863280FF24800C9BBE3 /* Roboto-Light.ttf in Resources */ = {isa = PBXBuildFile; fileRef = D2104831280FF24600C9BBE3 /* Roboto-Light.ttf */; };
		D2104865280FF24800C9BBE3 /* Poppins-ThinItalic.ttf in Resources */ = {isa = PBXBuildFile; fileRef = D2104833280FF24700C9BBE3 /* Poppins-ThinItalic.ttf */; };
		D2104867280FF24800C9BBE3 /* Montserrat-ExtraLight.ttf in Resources */ = {isa = PBXBuildFile; fileRef = D2104835280FF24700C9BBE3 /* Montserrat-ExtraLight.ttf */; };
		D2104868280FF24800C9BBE3 /* Poppins-Light.ttf in Resources */ = {isa = PBXBuildFile; fileRef = D2104836280FF24700C9BBE3 /* Poppins-Light.ttf */; };
		D210486A280FF24800C9BBE3 /* Roboto-ThinItalic.ttf in Resources */ = {isa = PBXBuildFile; fileRef = D2104838280FF24700C9BBE3 /* Roboto-ThinItalic.ttf */; };
		D210486B280FF24800C9BBE3 /* Montserrat-Thin.ttf in Resources */ = {isa = PBXBuildFile; fileRef = D2104839280FF24700C9BBE3 /* Montserrat-Thin.ttf */; };
		D2104870280FF24800C9BBE3 /* Montserrat-Bold.ttf in Resources */ = {isa = PBXBuildFile; fileRef = D210483E280FF24700C9BBE3 /* Montserrat-Bold.ttf */; };
		D2104872280FF24800C9BBE3 /* Poppins-ExtraLight.ttf in Resources */ = {isa = PBXBuildFile; fileRef = D2104840280FF24700C9BBE3 /* Poppins-ExtraLight.ttf */; };
		D2104873280FF24800C9BBE3 /* Montserrat-SemiBold.ttf in Resources */ = {isa = PBXBuildFile; fileRef = D2104841280FF24700C9BBE3 /* Montserrat-SemiBold.ttf */; };
		D2104874280FF24800C9BBE3 /* Roboto-Regular.ttf in Resources */ = {isa = PBXBuildFile; fileRef = D2104842280FF24800C9BBE3 /* Roboto-Regular.ttf */; };
		D2104877280FF24800C9BBE3 /* Montserrat-VariableFont_wght.ttf in Resources */ = {isa = PBXBuildFile; fileRef = D2104845280FF24800C9BBE3 /* Montserrat-VariableFont_wght.ttf */; };
		D210487A280FF24800C9BBE3 /* Poppins-SemiBold.ttf in Resources */ = {isa = PBXBuildFile; fileRef = D2104848280FF24800C9BBE3 /* Poppins-SemiBold.ttf */; };
		D210487B280FF4D100C9BBE3 /* Poppins-Black.ttf in Resources */ = {isa = PBXBuildFile; fileRef = D210487D280FF4D100C9BBE3 /* Poppins-Black.ttf */; };
		D2F304B3280F73DB00B1E522 /* AppDelegate.swift in Sources */ = {isa = PBXBuildFile; fileRef = D2F304B2280F73DB00B1E522 /* AppDelegate.swift */; };
		D2F304B5280F73DB00B1E522 /* SceneDelegate.swift in Sources */ = {isa = PBXBuildFile; fileRef = D2F304B4280F73DB00B1E522 /* SceneDelegate.swift */; };
		D2F304B7280F73DB00B1E522 /* ViewController.swift in Sources */ = {isa = PBXBuildFile; fileRef = D2F304B6280F73DB00B1E522 /* ViewController.swift */; };
		D2F304BA280F73DB00B1E522 /* Main.storyboard in Resources */ = {isa = PBXBuildFile; fileRef = D2F304B8280F73DB00B1E522 /* Main.storyboard */; };
		D2F304BC280F73DD00B1E522 /* Assets.xcassets in Resources */ = {isa = PBXBuildFile; fileRef = D2F304BB280F73DD00B1E522 /* Assets.xcassets */; };
		D2F304BF280F73DE00B1E522 /* LaunchScreen.storyboard in Resources */ = {isa = PBXBuildFile; fileRef = D2F304BD280F73DE00B1E522 /* LaunchScreen.storyboard */; };
/* End PBXBuildFile section */

/* Begin PBXFileReference section */
		D2104817280FF24500C9BBE3 /* Montserrat-Black.ttf */ = {isa = PBXFileReference; lastKnownFileType = file; path = "Montserrat-Black.ttf"; sourceTree = "<group>"; };
		D2104818280FF24500C9BBE3 /* Montserrat-ExtraBold.ttf */ = {isa = PBXFileReference; lastKnownFileType = file; path = "Montserrat-ExtraBold.ttf"; sourceTree = "<group>"; };
		D2104819280FF24500C9BBE3 /* Poppins-ExtraBold.ttf */ = {isa = PBXFileReference; lastKnownFileType = file; path = "Poppins-ExtraBold.ttf"; sourceTree = "<group>"; };
		D210481D280FF24500C9BBE3 /* Poppins-Thin.ttf */ = {isa = PBXFileReference; lastKnownFileType = file; path = "Poppins-Thin.ttf"; sourceTree = "<group>"; };
		D210481E280FF24500C9BBE3 /* Roboto-Medium.ttf */ = {isa = PBXFileReference; lastKnownFileType = file; path = "Roboto-Medium.ttf"; sourceTree = "<group>"; };
		D210481F280FF24500C9BBE3 /* Montserrat-Light.ttf */ = {isa = PBXFileReference; lastKnownFileType = file; path = "Montserrat-Light.ttf"; sourceTree = "<group>"; };
		D2104820280FF24500C9BBE3 /* Poppins-Medium.ttf */ = {isa = PBXFileReference; lastKnownFileType = file; path = "Poppins-Medium.ttf"; sourceTree = "<group>"; };
		D2104821280FF24500C9BBE3 /* Roboto-Thin.ttf */ = {isa = PBXFileReference; lastKnownFileType = file; path = "Roboto-Thin.ttf"; sourceTree = "<group>"; };
		D2104823280FF24600C9BBE3 /* Montserrat-Italic-VariableFont_wght.ttf */ = {isa = PBXFileReference; lastKnownFileType = file; path = "Montserrat-Italic-VariableFont_wght.ttf"; sourceTree = "<group>"; };
		D2104826280FF24600C9BBE3 /* Poppins-Bold.ttf */ = {isa = PBXFileReference; lastKnownFileType = file; path = "Poppins-Bold.ttf"; sourceTree = "<group>"; };
		D2104828280FF24600C9BBE3 /* Roboto-Bold.ttf */ = {isa = PBXFileReference; lastKnownFileType = file; path = "Roboto-Bold.ttf"; sourceTree = "<group>"; };
		D210482A280FF24600C9BBE3 /* Roboto-Black.ttf */ = {isa = PBXFileReference; lastKnownFileType = file; path = "Roboto-Black.ttf"; sourceTree = "<group>"; };
		D210482D280FF24600C9BBE3 /* Poppins-Regular.ttf */ = {isa = PBXFileReference; lastKnownFileType = file; path = "Poppins-Regular.ttf"; sourceTree = "<group>"; };
		D210482F280FF24600C9BBE3 /* Montserrat-Medium.ttf */ = {isa = PBXFileReference; lastKnownFileType = file; path = "Montserrat-Medium.ttf"; sourceTree = "<group>"; };
		D2104830280FF24600C9BBE3 /* Montserrat-Regular.ttf */ = {isa = PBXFileReference; lastKnownFileType = file; path = "Montserrat-Regular.ttf"; sourceTree = "<group>"; };
		D2104831280FF24600C9BBE3 /* Roboto-Light.ttf */ = {isa = PBXFileReference; lastKnownFileType = file; path = "Roboto-Light.ttf"; sourceTree = "<group>"; };
		D2104833280FF24700C9BBE3 /* Poppins-ThinItalic.ttf */ = {isa = PBXFileReference; lastKnownFileType = file; path = "Poppins-ThinItalic.ttf"; sourceTree = "<group>"; };
		D2104835280FF24700C9BBE3 /* Montserrat-ExtraLight.ttf */ = {isa = PBXFileReference; lastKnownFileType = file; path = "Montserrat-ExtraLight.ttf"; sourceTree = "<group>"; };
		D2104836280FF24700C9BBE3 /* Poppins-Light.ttf */ = {isa = PBXFileReference; lastKnownFileType = file; path = "Poppins-Light.ttf"; sourceTree = "<group>"; };
		D2104838280FF24700C9BBE3 /* Roboto-ThinItalic.ttf */ = {isa = PBXFileReference; lastKnownFileType = file; path = "Roboto-ThinItalic.ttf"; sourceTree = "<group>"; };
		D2104839280FF24700C9BBE3 /* Montserrat-Thin.ttf */ = {isa = PBXFileReference; lastKnownFileType = file; path = "Montserrat-Thin.ttf"; sourceTree = "<group>"; };
		D210483E280FF24700C9BBE3 /* Montserrat-Bold.ttf */ = {isa = PBXFileReference; lastKnownFileType = file; path = "Montserrat-Bold.ttf"; sourceTree = "<group>"; };
		D2104840280FF24700C9BBE3 /* Poppins-ExtraLight.ttf */ = {isa = PBXFileReference; lastKnownFileType = file; path = "Poppins-ExtraLight.ttf"; sourceTree = "<group>"; };
		D2104841280FF24700C9BBE3 /* Montserrat-SemiBold.ttf */ = {isa = PBXFileReference; lastKnownFileType = file; path = "Montserrat-SemiBold.ttf"; sourceTree = "<group>"; };
		D2104842280FF24800C9BBE3 /* Roboto-Regular.ttf */ = {isa = PBXFileReference; lastKnownFileType = file; path = "Roboto-Regular.ttf"; sourceTree = "<group>"; };
		D2104845280FF24800C9BBE3 /* Montserrat-VariableFont_wght.ttf */ = {isa = PBXFileReference; lastKnownFileType = file; path = "Montserrat-VariableFont_wght.ttf"; sourceTree = "<group>"; };
		D2104848280FF24800C9BBE3 /* Poppins-SemiBold.ttf */ = {isa = PBXFileReference; lastKnownFileType = file; path = "Poppins-SemiBold.ttf"; sourceTree = "<group>"; };
		D210487C280FF4D100C9BBE3 /* Base */ = {isa = PBXFileReference; lastKnownFileType = file; name = Base; path = "Base.lproj/Poppins-Black.ttf"; sourceTree = "<group>"; };
		D210487E280FF4E600C9BBE3 /* en */ = {isa = PBXFileReference; lastKnownFileType = file; name = en; path = "en.lproj/Poppins-Black.ttf"; sourceTree = "<group>"; };
		D2F304AF280F73DB00B1E522 /* I Am Great.app */ = {isa = PBXFileReference; explicitFileType = wrapper.application; includeInIndex = 0; path = "I Am Great.app"; sourceTree = BUILT_PRODUCTS_DIR; };
		D2F304B2280F73DB00B1E522 /* AppDelegate.swift */ = {isa = PBXFileReference; lastKnownFileType = sourcecode.swift; path = AppDelegate.swift; sourceTree = "<group>"; };
		D2F304B4280F73DB00B1E522 /* SceneDelegate.swift */ = {isa = PBXFileReference; lastKnownFileType = sourcecode.swift; path = SceneDelegate.swift; sourceTree = "<group>"; };
		D2F304B6280F73DB00B1E522 /* ViewController.swift */ = {isa = PBXFileReference; lastKnownFileType = sourcecode.swift; path = ViewController.swift; sourceTree = "<group>"; };
		D2F304B9280F73DB00B1E522 /* Base */ = {isa = PBXFileReference; lastKnownFileType = file.storyboard; name = Base; path = Base.lproj/Main.storyboard; sourceTree = "<group>"; };
		D2F304BB280F73DD00B1E522 /* Assets.xcassets */ = {isa = PBXFileReference; lastKnownFileType = folder.assetcatalog; path = Assets.xcassets; sourceTree = "<group>"; };
		D2F304BE280F73DE00B1E522 /* Base */ = {isa = PBXFileReference; lastKnownFileType = file.storyboard; name = Base; path = Base.lproj/LaunchScreen.storyboard; sourceTree = "<group>"; };
		D2F304C0280F73DE00B1E522 /* Info.plist */ = {isa = PBXFileReference; lastKnownFileType = text.plist.xml; path = Info.plist; sourceTree = "<group>"; };
/* End PBXFileReference section */

/* Begin PBXFrameworksBuildPhase section */
		D2F304AC280F73DB00B1E522 /* Frameworks */ = {
			isa = PBXFrameworksBuildPhase;
			buildActionMask = 2147483647;
			files = (
			);
			runOnlyForDeploymentPostprocessing = 0;
		};
/* End PBXFrameworksBuildPhase section */

/* Begin PBXGroup section */
		D2104815280FF1AA00C9BBE3 /* Assets */ = {
			isa = PBXGroup;
			children = (
				D2104816280FF1BF00C9BBE3 /* Fonts */,
			);
			path = Assets;
			sourceTree = "<group>";
		};
		D2104816280FF1BF00C9BBE3 /* Fonts */ = {
			isa = PBXGroup;
			children = (
				D2104817280FF24500C9BBE3 /* Montserrat-Black.ttf */,
				D210483E280FF24700C9BBE3 /* Montserrat-Bold.ttf */,
				D2104818280FF24500C9BBE3 /* Montserrat-ExtraBold.ttf */,
				D2104835280FF24700C9BBE3 /* Montserrat-ExtraLight.ttf */,
				D2104823280FF24600C9BBE3 /* Montserrat-Italic-VariableFont_wght.ttf */,
				D210481F280FF24500C9BBE3 /* Montserrat-Light.ttf */,
				D210482F280FF24600C9BBE3 /* Montserrat-Medium.ttf */,
				D2104830280FF24600C9BBE3 /* Montserrat-Regular.ttf */,
				D2104841280FF24700C9BBE3 /* Montserrat-SemiBold.ttf */,
				D2104839280FF24700C9BBE3 /* Montserrat-Thin.ttf */,
				D2104845280FF24800C9BBE3 /* Montserrat-VariableFont_wght.ttf */,
				D210487D280FF4D100C9BBE3 /* Poppins-Black.ttf */,
				D2104826280FF24600C9BBE3 /* Poppins-Bold.ttf */,
				D2104819280FF24500C9BBE3 /* Poppins-ExtraBold.ttf */,
				D2104840280FF24700C9BBE3 /* Poppins-ExtraLight.ttf */,
				D2104836280FF24700C9BBE3 /* Poppins-Light.ttf */,
				D2104820280FF24500C9BBE3 /* Poppins-Medium.ttf */,
				D210482D280FF24600C9BBE3 /* Poppins-Regular.ttf */,
				D2104848280FF24800C9BBE3 /* Poppins-SemiBold.ttf */,
				D210481D280FF24500C9BBE3 /* Poppins-Thin.ttf */,
				D2104833280FF24700C9BBE3 /* Poppins-ThinItalic.ttf */,
				D210482A280FF24600C9BBE3 /* Roboto-Black.ttf */,
				D2104828280FF24600C9BBE3 /* Roboto-Bold.ttf */,
				D2104831280FF24600C9BBE3 /* Roboto-Light.ttf */,
				D210481E280FF24500C9BBE3 /* Roboto-Medium.ttf */,
				D2104842280FF24800C9BBE3 /* Roboto-Regular.ttf */,
				D2104821280FF24500C9BBE3 /* Roboto-Thin.ttf */,
				D2104838280FF24700C9BBE3 /* Roboto-ThinItalic.ttf */,
			);
			path = Fonts;
			sourceTree = "<group>";
		};
		D2F304A6280F73DB00B1E522 = {
			isa = PBXGroup;
			children = (
				D2F304B1280F73DB00B1E522 /* I Am Great */,
				D2F304B0280F73DB00B1E522 /* Products */,
			);
			sourceTree = "<group>";
		};
		D2F304B0280F73DB00B1E522 /* Products */ = {
			isa = PBXGroup;
			children = (
				D2F304AF280F73DB00B1E522 /* I Am Great.app */,
			);
			name = Products;
			sourceTree = "<group>";
		};
		D2F304B1280F73DB00B1E522 /* I Am Great */ = {
			isa = PBXGroup;
			children = (
				D2104815280FF1AA00C9BBE3 /* Assets */,
				D2F304B2280F73DB00B1E522 /* AppDelegate.swift */,
				D2F304B4280F73DB00B1E522 /* SceneDelegate.swift */,
				D2F304B6280F73DB00B1E522 /* ViewController.swift */,
				D2F304B8280F73DB00B1E522 /* Main.storyboard */,
				D2F304BB280F73DD00B1E522 /* Assets.xcassets */,
				D2F304BD280F73DE00B1E522 /* LaunchScreen.storyboard */,
				D2F304C0280F73DE00B1E522 /* Info.plist */,
			);
			path = "I Am Great";
			sourceTree = "<group>";
		};
/* End PBXGroup section */

/* Begin PBXNativeTarget section */
		D2F304AE280F73DB00B1E522 /* I Am Great */ = {
			isa = PBXNativeTarget;
			buildConfigurationList = D2F304C3280F73DE00B1E522 /* Build configuration list for PBXNativeTarget "I Am Great" */;
			buildPhases = (
				D2F304AB280F73DB00B1E522 /* Sources */,
				D2F304AC280F73DB00B1E522 /* Frameworks */,
				D2F304AD280F73DB00B1E522 /* Resources */,
			);
			buildRules = (
			);
			dependencies = (
			);
			name = "I Am Great";
			productName = "I Am Great";
			productReference = D2F304AF280F73DB00B1E522 /* I Am Great.app */;
			productType = "com.apple.product-type.application";
		};
/* End PBXNativeTarget section */

/* Begin PBXProject section */
		D2F304A7280F73DB00B1E522 /* Project object */ = {
			isa = PBXProject;
			attributes = {
				BuildIndependentTargetsInParallel = 1;
				LastSwiftUpdateCheck = 1320;
				LastUpgradeCheck = 1320;
				TargetAttributes = {
					D2F304AE280F73DB00B1E522 = {
						CreatedOnToolsVersion = 13.2.1;
					};
				};
			};
			buildConfigurationList = D2F304AA280F73DB00B1E522 /* Build configuration list for PBXProject "I Am Great" */;
			compatibilityVersion = "Xcode 13.0";
			developmentRegion = en;
			hasScannedForEncodings = 0;
			knownRegions = (
				en,
				Base,
			);
			mainGroup = D2F304A6280F73DB00B1E522;
			productRefGroup = D2F304B0280F73DB00B1E522 /* Products */;
			projectDirPath = "";
			projectRoot = "";
			targets = (
				D2F304AE280F73DB00B1E522 /* I Am Great */,
			);
		};
/* End PBXProject section */

/* Begin PBXResourcesBuildPhase section */
		D2F304AD280F73DB00B1E522 /* Resources */ = {
			isa = PBXResourcesBuildPhase;
			buildActionMask = 2147483647;
			files = (
				D2104867280FF24800C9BBE3 /* Montserrat-ExtraLight.ttf in Resources */,
				D2104853280FF24800C9BBE3 /* Roboto-Thin.ttf in Resources */,
				D2104863280FF24800C9BBE3 /* Roboto-Light.ttf in Resources */,
				D2104851280FF24800C9BBE3 /* Montserrat-Light.ttf in Resources */,
				D210486A280FF24800C9BBE3 /* Roboto-ThinItalic.ttf in Resources */,
				D210484A280FF24800C9BBE3 /* Montserrat-ExtraBold.ttf in Resources */,
				D2104852280FF24800C9BBE3 /* Poppins-Medium.ttf in Resources */,
				D2104858280FF24800C9BBE3 /* Poppins-Bold.ttf in Resources */,
				D2F304BF280F73DE00B1E522 /* LaunchScreen.storyboard in Resources */,
				D2104870280FF24800C9BBE3 /* Montserrat-Bold.ttf in Resources */,
				D210487B280FF4D100C9BBE3 /* Poppins-Black.ttf in Resources */,
				D2104861280FF24800C9BBE3 /* Montserrat-Medium.ttf in Resources */,
				D2104873280FF24800C9BBE3 /* Montserrat-SemiBold.ttf in Resources */,
				D2104849280FF24800C9BBE3 /* Montserrat-Black.ttf in Resources */,
				D2104877280FF24800C9BBE3 /* Montserrat-VariableFont_wght.ttf in Resources */,
				D2104855280FF24800C9BBE3 /* Montserrat-Italic-VariableFont_wght.ttf in Resources */,
				D2F304BC280F73DD00B1E522 /* Assets.xcassets in Resources */,
				D2104865280FF24800C9BBE3 /* Poppins-ThinItalic.ttf in Resources */,
				D210487A280FF24800C9BBE3 /* Poppins-SemiBold.ttf in Resources */,
				D210485F280FF24800C9BBE3 /* Poppins-Regular.ttf in Resources */,
				D2104868280FF24800C9BBE3 /* Poppins-Light.ttf in Resources */,
				D210486B280FF24800C9BBE3 /* Montserrat-Thin.ttf in Resources */,
				D210484B280FF24800C9BBE3 /* Poppins-ExtraBold.ttf in Resources */,
				D2104872280FF24800C9BBE3 /* Poppins-ExtraLight.ttf in Resources */,
				D210485A280FF24800C9BBE3 /* Roboto-Bold.ttf in Resources */,
				D2104850280FF24800C9BBE3 /* Roboto-Medium.ttf in Resources */,
				D2104862280FF24800C9BBE3 /* Montserrat-Regular.ttf in Resources */,
				D2F304BA280F73DB00B1E522 /* Main.storyboard in Resources */,
				D210485C280FF24800C9BBE3 /* Roboto-Black.ttf in Resources */,
				D210484F280FF24800C9BBE3 /* Poppins-Thin.ttf in Resources */,
				D2104874280FF24800C9BBE3 /* Roboto-Regular.ttf in Resources */,
			);
			runOnlyForDeploymentPostprocessing = 0;
		};
/* End PBXResourcesBuildPhase section */

/* Begin PBXSourcesBuildPhase section */
		D2F304AB280F73DB00B1E522 /* Sources */ = {
			isa = PBXSourcesBuildPhase;
			buildActionMask = 2147483647;
			files = (
				D2F304B7280F73DB00B1E522 /* ViewController.swift in Sources */,
				D2F304B3280F73DB00B1E522 /* AppDelegate.swift in Sources */,
				D2F304B5280F73DB00B1E522 /* SceneDelegate.swift in Sources */,
			);
			runOnlyForDeploymentPostprocessing = 0;
		};
/* End PBXSourcesBuildPhase section */

/* Begin PBXVariantGroup section */
		D210487D280FF4D100C9BBE3 /* Poppins-Black.ttf */ = {
			isa = PBXVariantGroup;
			children = (
				D210487C280FF4D100C9BBE3 /* Base */,
				D210487E280FF4E600C9BBE3 /* en */,
			);
			name = "Poppins-Black.ttf";
			sourceTree = "<group>";
		};
		D2F304B8280F73DB00B1E522 /* Main.storyboard */ = {
			isa = PBXVariantGroup;
			children = (
				D2F304B9280F73DB00B1E522 /* Base */,
			);
			name = Main.storyboard;
			sourceTree = "<group>";
		};
		D2F304BD280F73DE00B1E522 /* LaunchScreen.storyboard */ = {
			isa = PBXVariantGroup;
			children = (
				D2F304BE280F73DE00B1E522 /* Base */,
			);
			name = LaunchScreen.storyboard;
			sourceTree = "<group>";
		};
/* End PBXVariantGroup section */

/* Begin XCBuildConfiguration section */
		D2F304C1280F73DE00B1E522 /* Debug */ = {
			isa = XCBuildConfiguration;
			buildSettings = {
				ALWAYS_SEARCH_USER_PATHS = NO;
				CLANG_ANALYZER_NONNULL = YES;
				CLANG_ANALYZER_NUMBER_OBJECT_CONVERSION = YES_AGGRESSIVE;
				CLANG_CXX_LANGUAGE_STANDARD = "gnu++17";
				CLANG_CXX_LIBRARY = "libc++";
				CLANG_ENABLE_MODULES = YES;
				CLANG_ENABLE_OBJC_ARC = YES;
				CLANG_ENABLE_OBJC_WEAK = YES;
				CLANG_WARN_BLOCK_CAPTURE_AUTORELEASING = YES;
				CLANG_WARN_BOOL_CONVERSION = YES;
				CLANG_WARN_COMMA = YES;
				CLANG_WARN_CONSTANT_CONVERSION = YES;
				CLANG_WARN_DEPRECATED_OBJC_IMPLEMENTATIONS = YES;
				CLANG_WARN_DIRECT_OBJC_ISA_USAGE = YES_ERROR;
				CLANG_WARN_DOCUMENTATION_COMMENTS = YES;
				CLANG_WARN_EMPTY_BODY = YES;
				CLANG_WARN_ENUM_CONVERSION = YES;
				CLANG_WARN_INFINITE_RECURSION = YES;
				CLANG_WARN_INT_CONVERSION = YES;
				CLANG_WARN_NON_LITERAL_NULL_CONVERSION = YES;
				CLANG_WARN_OBJC_IMPLICIT_RETAIN_SELF = YES;
				CLANG_WARN_OBJC_LITERAL_CONVERSION = YES;
				CLANG_WARN_OBJC_ROOT_CLASS = YES_ERROR;
				CLANG_WARN_QUOTED_INCLUDE_IN_FRAMEWORK_HEADER = YES;
				CLANG_WARN_RANGE_LOOP_ANALYSIS = YES;
				CLANG_WARN_STRICT_PROTOTYPES = YES;
				CLANG_WARN_SUSPICIOUS_MOVE = YES;
				CLANG_WARN_UNGUARDED_AVAILABILITY = YES_AGGRESSIVE;
				CLANG_WARN_UNREACHABLE_CODE = YES;
				CLANG_WARN__DUPLICATE_METHOD_MATCH = YES;
				COPY_PHASE_STRIP = NO;
				DEBUG_INFORMATION_FORMAT = dwarf;
				ENABLE_STRICT_OBJC_MSGSEND = YES;
				ENABLE_TESTABILITY = YES;
				GCC_C_LANGUAGE_STANDARD = gnu11;
				GCC_DYNAMIC_NO_PIC = NO;
				GCC_NO_COMMON_BLOCKS = YES;
				GCC_OPTIMIZATION_LEVEL = 0;
				GCC_PREPROCESSOR_DEFINITIONS = (
					"DEBUG=1",
					"$(inherited)",
				);
				GCC_WARN_64_TO_32_BIT_CONVERSION = YES;
				GCC_WARN_ABOUT_RETURN_TYPE = YES_ERROR;
				GCC_WARN_UNDECLARED_SELECTOR = YES;
				GCC_WARN_UNINITIALIZED_AUTOS = YES_AGGRESSIVE;
				GCC_WARN_UNUSED_FUNCTION = YES;
				GCC_WARN_UNUSED_VARIABLE = YES;
				IPHONEOS_DEPLOYMENT_TARGET = 15.2;
				MTL_ENABLE_DEBUG_INFO = INCLUDE_SOURCE;
				MTL_FAST_MATH = YES;
				ONLY_ACTIVE_ARCH = YES;
				SDKROOT = iphoneos;
				SWIFT_ACTIVE_COMPILATION_CONDITIONS = DEBUG;
				SWIFT_OPTIMIZATION_LEVEL = "-Onone";
			};
			name = Debug;
		};
		D2F304C2280F73DE00B1E522 /* Release */ = {
			isa = XCBuildConfiguration;
			buildSettings = {
				ALWAYS_SEARCH_USER_PATHS = NO;
				CLANG_ANALYZER_NONNULL = YES;
				CLANG_ANALYZER_NUMBER_OBJECT_CONVERSION = YES_AGGRESSIVE;
				CLANG_CXX_LANGUAGE_STANDARD = "gnu++17";
				CLANG_CXX_LIBRARY = "libc++";
				CLANG_ENABLE_MODULES = YES;
				CLANG_ENABLE_OBJC_ARC = YES;
				CLANG_ENABLE_OBJC_WEAK = YES;
				CLANG_WARN_BLOCK_CAPTURE_AUTORELEASING = YES;
				CLANG_WARN_BOOL_CONVERSION = YES;
				CLANG_WARN_COMMA = YES;
				CLANG_WARN_CONSTANT_CONVERSION = YES;
				CLANG_WARN_DEPRECATED_OBJC_IMPLEMENTATIONS = YES;
				CLANG_WARN_DIRECT_OBJC_ISA_USAGE = YES_ERROR;
				CLANG_WARN_DOCUMENTATION_COMMENTS = YES;
				CLANG_WARN_EMPTY_BODY = YES;
				CLANG_WARN_ENUM_CONVERSION = YES;
				CLANG_WARN_INFINITE_RECURSION = YES;
				CLANG_WARN_INT_CONVERSION = YES;
				CLANG_WARN_NON_LITERAL_NULL_CONVERSION = YES;
				CLANG_WARN_OBJC_IMPLICIT_RETAIN_SELF = YES;
				CLANG_WARN_OBJC_LITERAL_CONVERSION = YES;
				CLANG_WARN_OBJC_ROOT_CLASS = YES_ERROR;
				CLANG_WARN_QUOTED_INCLUDE_IN_FRAMEWORK_HEADER = YES;
				CLANG_WARN_RANGE_LOOP_ANALYSIS = YES;
				CLANG_WARN_STRICT_PROTOTYPES = YES;
				CLANG_WARN_SUSPICIOUS_MOVE = YES;
				CLANG_WARN_UNGUARDED_AVAILABILITY = YES_AGGRESSIVE;
				CLANG_WARN_UNREACHABLE_CODE = YES;
				CLANG_WARN__DUPLICATE_METHOD_MATCH = YES;
				COPY_PHASE_STRIP = NO;
				DEBUG_INFORMATION_FORMAT = "dwarf-with-dsym";
				ENABLE_NS_ASSERTIONS = NO;
				ENABLE_STRICT_OBJC_MSGSEND = YES;
				GCC_C_LANGUAGE_STANDARD = gnu11;
				GCC_NO_COMMON_BLOCKS = YES;
				GCC_WARN_64_TO_32_BIT_CONVERSION = YES;
				GCC_WARN_ABOUT_RETURN_TYPE = YES_ERROR;
				GCC_WARN_UNDECLARED_SELECTOR = YES;
				GCC_WARN_UNINITIALIZED_AUTOS = YES_AGGRESSIVE;
				GCC_WARN_UNUSED_FUNCTION = YES;
				GCC_WARN_UNUSED_VARIABLE = YES;
				IPHONEOS_DEPLOYMENT_TARGET = 15.2;
				MTL_ENABLE_DEBUG_INFO = NO;
				MTL_FAST_MATH = YES;
				SDKROOT = iphoneos;
				SWIFT_COMPILATION_MODE = wholemodule;
				SWIFT_OPTIMIZATION_LEVEL = "-O";
				VALIDATE_PRODUCT = YES;
			};
			name = Release;
		};
		D2F304C4280F73DE00B1E522 /* Debug */ = {
			isa = XCBuildConfiguration;
			buildSettings = {
				ASSETCATALOG_COMPILER_APPICON_NAME = AppIcon;
				ASSETCATALOG_COMPILER_GLOBAL_ACCENT_COLOR_NAME = AccentColor;
				CODE_SIGN_IDENTITY = "Apple Development";
				CODE_SIGN_STYLE = Automatic;
				CURRENT_PROJECT_VERSION = 1;
				DEVELOPMENT_TEAM = "";
				GENERATE_INFOPLIST_FILE = YES;
				INFOPLIST_FILE = "I Am Great/Info.plist";
				INFOPLIST_KEY_UIApplicationSupportsIndirectInputEvents = YES;
				INFOPLIST_KEY_UILaunchStoryboardName = LaunchScreen;
				INFOPLIST_KEY_UIMainStoryboardFile = Main;
				INFOPLIST_KEY_UISupportedInterfaceOrientations = "UIInterfaceOrientationPortrait UIInterfaceOrientationLandscapeLeft UIInterfaceOrientationLandscapeRight";
				INFOPLIST_KEY_UISupportedInterfaceOrientations_iPad = "UIInterfaceOrientationPortrait UIInterfaceOrientationPortraitUpsideDown UIInterfaceOrientationLandscapeLeft UIInterfaceOrientationLandscapeRight";
				INFOPLIST_KEY_UISupportedInterfaceOrientations_iPhone = "UIInterfaceOrientationPortrait UIInterfaceOrientationLandscapeLeft UIInterfaceOrientationLandscapeRight";
				LD_RUNPATH_SEARCH_PATHS = (
					"$(inherited)",
					"@executable_path/Frameworks",
				);
				MARKETING_VERSION = 1.0;
				PRODUCT_BUNDLE_IDENTIFIER = "brainzcode.I-Am-Great";
				PRODUCT_NAME = "$(TARGET_NAME)";
				PROVISIONING_PROFILE_SPECIFIER = "";
				SWIFT_EMIT_LOC_STRINGS = YES;
				SWIFT_VERSION = 5.0;
				TARGETED_DEVICE_FAMILY = "1,2";
			};
			name = Debug;
		};
		D2F304C5280F73DE00B1E522 /* Release */ = {
			isa = XCBuildConfiguration;
			buildSettings = {
				ASSETCATALOG_COMPILER_APPICON_NAME = AppIcon;
				ASSETCATALOG_COMPILER_GLOBAL_ACCENT_COLOR_NAME = AccentColor;
				CODE_SIGN_IDENTITY = "Apple Development";
				CODE_SIGN_STYLE = Automatic;
				CURRENT_PROJECT_VERSION = 1;
				DEVELOPMENT_TEAM = "";
				GENERATE_INFOPLIST_FILE = YES;
				INFOPLIST_FILE = "I Am Great/Info.plist";
				INFOPLIST_KEY_UIApplicationSupportsIndirectInputEvents = YES;
				INFOPLIST_KEY_UILaunchStoryboardName = LaunchScreen;
				INFOPLIST_KEY_UIMainStoryboardFile = Main;
				INFOPLIST_KEY_UISupportedInterfaceOrientations = "UIInterfaceOrientationPortrait UIInterfaceOrientationLandscapeLeft UIInterfaceOrientationLandscapeRight";
				INFOPLIST_KEY_UISupportedInterfaceOrientations_iPad = "UIInterfaceOrientationPortrait UIInterfaceOrientationPortraitUpsideDown UIInterfaceOrientationLandscapeLeft UIInterfaceOrientationLandscapeRight";
				INFOPLIST_KEY_UISupportedInterfaceOrientations_iPhone = "UIInterfaceOrientationPortrait UIInterfaceOrientationLandscapeLeft UIInterfaceOrientationLandscapeRight";
				LD_RUNPATH_SEARCH_PATHS = (
					"$(inherited)",
					"@executable_path/Frameworks",
				);
				MARKETING_VERSION = 1.0;
				PRODUCT_BUNDLE_IDENTIFIER = "brainzcode.I-Am-Great";
				PRODUCT_NAME = "$(TARGET_NAME)";
				PROVISIONING_PROFILE_SPECIFIER = "";
				SWIFT_EMIT_LOC_STRINGS = YES;
				SWIFT_VERSION = 5.0;
				TARGETED_DEVICE_FAMILY = "1,2";
			};
			name = Release;
		};
/* End XCBuildConfiguration section */

/* Begin XCConfigurationList section */
		D2F304AA280F73DB00B1E522 /* Build configuration list for PBXProject "I Am Great" */ = {
			isa = XCConfigurationList;
			buildConfigurations = (
				D2F304C1280F73DE00B1E522 /* Debug */,
				D2F304C2280F73DE00B1E522 /* Release */,
			);
			defaultConfigurationIsVisible = 0;
			defaultConfigurationName = Release;
		};
		D2F304C3280F73DE00B1E522 /* Build configuration list for PBXNativeTarget "I Am Great" */ = {
			isa = XCConfigurationList;
			buildConfigurations = (
				D2F304C4280F73DE00B1E522 /* Debug */,
				D2F304C5280F73DE00B1E522 /* Release */,
			);
			defaultConfigurationIsVisible = 0;
			defaultConfigurationName = Release;
		};
/* End XCConfigurationList section */
	};
	rootObject = D2F304A7280F73DB00B1E522 /* Project object */;
}
